{
  "version": 1,
  "dependencies": {
    ".NETFramework,Version=v4.5.2": {
      "Krafs.Publicizer": {
        "type": "Direct",
        "requested": "[2.2.1, )",
        "resolved": "2.2.1",
        "contentHash": "QGI4nMGQbKsuFUUboixVHu4mv3lHB5RejIa7toIlzTmwLkuCYYEpUBJjmy3OpXYyj5dVSZAXVbr4oeMSloE67Q=="
      },
      "MonoMod.Utils": {
        "type": "Direct",
        "requested": "[22.7.31.1, )",
        "resolved": "22.7.31.1",
        "contentHash": "nI0E1oadXS1iMbfwfCzYF08C1jRQR9cnnHv66a4BSPd4sGu2p6g4BmctCWsdAB6oGKkSJUhcfHfxcfTsDyB94Q==",
        "dependencies": {
          "Mono.Cecil": "0.11.4"
        }
      },
      "YamlDotNet": {
        "type": "Direct",
        "requested": "[8.1.2, )",
        "resolved": "8.1.2",
        "contentHash": "GlPKbb4l+91dyYVKV7UnJlr2CWooNNM1ayZWC90QAmlFPgbwSkfhgId7dGjTAHqkB84BZqjMSy5PlAYf1iejVA=="
      },
      "Mono.Cecil": {
        "type": "Transitive",
        "resolved": "0.11.4",
        "contentHash": "IC1h5g0NeJGHIUgzM1P82ld57knhP0IcQfrYITDPXlNpMYGUrsG5TxuaWTjaeqDNQMBDNZkB8L0rBnwsY6JHuQ=="
      }
    }
  }
}